// !$*UTF8*$!
{
	archiveVersion = 1;
	classes = {
	};
	objectVersion = 46;
	objects = {

/* Begin PBXBuildFile section */
		27A95ABD1B8AE96300CC6557 /* main.m in Sources */ = {isa = PBXBuildFile; fileRef = 27A95ABC1B8AE96300CC6557 /* main.m */; };
		27A95AC01B8AE96300CC6557 /* AppDelegate.m in Sources */ = {isa = PBXBuildFile; fileRef = 27A95ABF1B8AE96300CC6557 /* AppDelegate.m */; };
		27A95AC31B8AE96300CC6557 /* ViewController.m in Sources */ = {isa = PBXBuildFile; fileRef = 27A95AC21B8AE96300CC6557 /* ViewController.m */; };
		27A95AC61B8AE96400CC6557 /* Main.storyboard in Resources */ = {isa = PBXBuildFile; fileRef = 27A95AC41B8AE96400CC6557 /* Main.storyboard */; };
		27A95AC81B8AE96400CC6557 /* Images.xcassets in Resources */ = {isa = PBXBuildFile; fileRef = 27A95AC71B8AE96400CC6557 /* Images.xcassets */; };
		27A95ACB1B8AE96400CC6557 /* LaunchScreen.xib in Resources */ = {isa = PBXBuildFile; fileRef = 27A95AC91B8AE96400CC6557 /* LaunchScreen.xib */; };
		27A95AD71B8AE96400CC6557 /* ReferrallTests.m in Sources */ = {isa = PBXBuildFile; fileRef = 27A95AD61B8AE96400CC6557 /* ReferrallTests.m */; };
/* End PBXBuildFile section */

/* Begin PBXContainerItemProxy section */
		27A95AD11B8AE96400CC6557 /* PBXContainerItemProxy */ = {
			isa = PBXContainerItemProxy;
			containerPortal = 27A95AAF1B8AE96300CC6557 /* Project object */;
			proxyType = 1;
			remoteGlobalIDString = 27A95AB61B8AE96300CC6557;
			remoteInfo = Referrall;
		};
/* End PBXContainerItemProxy section */

/* Begin PBXFileReference section */
		27A95AB71B8AE96300CC6557 /* Referrall.app */ = {isa = PBXFileReference; explicitFileType = wrapper.application; includeInIndex = 0; path = Referrall.app; sourceTree = BUILT_PRODUCTS_DIR; };
		27A95ABB1B8AE96300CC6557 /* Info.plist */ = {isa = PBXFileReference; lastKnownFileType = text.plist.xml; path = Info.plist; sourceTree = "<group>"; };
		27A95ABC1B8AE96300CC6557 /* main.m */ = {isa = PBXFileReference; lastKnownFileType = sourcecode.c.objc; path = main.m; sourceTree = "<group>"; };
		27A95ABE1B8AE96300CC6557 /* AppDelegate.h */ = {isa = PBXFileReference; lastKnownFileType = sourcecode.c.h; path = AppDelegate.h; sourceTree = "<group>"; };
		27A95ABF1B8AE96300CC6557 /* AppDelegate.m */ = {isa = PBXFileReference; lastKnownFileType = sourcecode.c.objc; path = AppDelegate.m; sourceTree = "<group>"; };
		27A95AC11B8AE96300CC6557 /* ViewController.h */ = {isa = PBXFileReference; lastKnownFileType = sourcecode.c.h; path = ViewController.h; sourceTree = "<group>"; };
		27A95AC21B8AE96300CC6557 /* ViewController.m */ = {isa = PBXFileReference; lastKnownFileType = sourcecode.c.objc; path = ViewController.m; sourceTree = "<group>"; };
		27A95AC51B8AE96400CC6557 /* Base */ = {isa = PBXFileReference; lastKnownFileType = file.storyboard; name = Base; path = Base.lproj/Main.storyboard; sourceTree = "<group>"; };
		27A95AC71B8AE96400CC6557 /* Images.xcassets */ = {isa = PBXFileReference; lastKnownFileType = folder.assetcatalog; path = Images.xcassets; sourceTree = "<group>"; };
		27A95ACA1B8AE96400CC6557 /* Base */ = {isa = PBXFileReference; lastKnownFileType = file.xib; name = Base; path = Base.lproj/LaunchScreen.xib; sourceTree = "<group>"; };
		27A95AD01B8AE96400CC6557 /* ReferrallTests.xctest */ = {isa = PBXFileReference; explicitFileType = wrapper.cfbundle; includeInIndex = 0; path = ReferrallTests.xctest; sourceTree = BUILT_PRODUCTS_DIR; };
		27A95AD51B8AE96400CC6557 /* Info.plist */ = {isa = PBXFileReference; lastKnownFileType = text.plist.xml; path = Info.plist; sourceTree = "<group>"; };
		27A95AD61B8AE96400CC6557 /* ReferrallTests.m */ = {isa = PBXFileReference; lastKnownFileType = sourcecode.c.objc; path = ReferrallTests.m; sourceTree = "<group>"; };
/* End PBXFileReference section */

/* Begin PBXFrameworksBuildPhase section */
		27A95AB41B8AE96300CC6557 /* Frameworks */ = {
			isa = PBXFrameworksBuildPhase;
			buildActionMask = 2147483647;
			files = (
			);
			runOnlyForDeploymentPostprocessing = 0;
		};
		27A95ACD1B8AE96400CC6557 /* Frameworks */ = {
			isa = PBXFrameworksBuildPhase;
			buildActionMask = 2147483647;
			files = (
			);
			runOnlyForDeploymentPostprocessing = 0;
		};
/* End PBXFrameworksBuildPhase section */

/* Begin PBXGroup section */
		27A95AAE1B8AE96300CC6557 = {
			isa = PBXGroup;
			children = (
				27A95AB91B8AE96300CC6557 /* Referrall */,
				27A95AD31B8AE96400CC6557 /* ReferrallTests */,
				27A95AB81B8AE96300CC6557 /* Products */,
			);
			sourceTree = "<group>";
		};
		27A95AB81B8AE96300CC6557 /* Products */ = {
			isa = PBXGroup;
			children = (
				27A95AB71B8AE96300CC6557 /* Referrall.app */,
				27A95AD01B8AE96400CC6557 /* ReferrallTests.xctest */,
			);
			name = Products;
			sourceTree = "<group>";
		};
		27A95AB91B8AE96300CC6557 /* Referrall */ = {
			isa = PBXGroup;
			children = (
				27A95ABE1B8AE96300CC6557 /* AppDelegate.h */,
				27A95ABF1B8AE96300CC6557 /* AppDelegate.m */,
				27A95AC11B8AE96300CC6557 /* ViewController.h */,
				27A95AC21B8AE96300CC6557 /* ViewController.m */,
				27A95AC41B8AE96400CC6557 /* Main.storyboard */,
				27A95AC71B8AE96400CC6557 /* Images.xcassets */,
				27A95AC91B8AE96400CC6557 /* LaunchScreen.xib */,
				27A95ABA1B8AE96300CC6557 /* Supporting Files */,
			);
			path = Referrall;
			sourceTree = "<group>";
		};
		27A95ABA1B8AE96300CC6557 /* Supporting Files */ = {
			isa = PBXGroup;
			children = (
				27A95ABB1B8AE96300CC6557 /* Info.plist */,
				27A95ABC1B8AE96300CC6557 /* main.m */,
			);
			name = "Supporting Files";
			sourceTree = "<group>";
		};
		27A95AD31B8AE96400CC6557 /* ReferrallTests */ = {
			isa = PBXGroup;
			children = (
				27A95AD61B8AE96400CC6557 /* ReferrallTests.m */,
				27A95AD41B8AE96400CC6557 /* Supporting Files */,
			);
			path = ReferrallTests;
			sourceTree = "<group>";
		};
		27A95AD41B8AE96400CC6557 /* Supporting Files */ = {
			isa = PBXGroup;
			children = (
				27A95AD51B8AE96400CC6557 /* Info.plist */,
			);
			name = "Supporting Files";
			sourceTree = "<group>";
		};
/* End PBXGroup section */

/* Begin PBXNativeTarget section */
		27A95AB61B8AE96300CC6557 /* Referrall */ = {
			isa = PBXNativeTarget;
			buildConfigurationList = 27A95ADA1B8AE96400CC6557 /* Build configuration list for PBXNativeTarget "Referrall" */;
			buildPhases = (
				27A95AB31B8AE96300CC6557 /* Sources */,
				27A95AB41B8AE96300CC6557 /* Frameworks */,
				27A95AB51B8AE96300CC6557 /* Resources */,
			);
			buildRules = (
			);
			dependencies = (
			);
			name = Referrall;
			productName = Referrall;
			productReference = 27A95AB71B8AE96300CC6557 /* Referrall.app */;
			productType = "com.apple.product-type.application";
		};
		27A95ACF1B8AE96400CC6557 /* ReferrallTests */ = {
			isa = PBXNativeTarget;
			buildConfigurationList = 27A95ADD1B8AE96400CC6557 /* Build configuration list for PBXNativeTarget "ReferrallTests" */;
			buildPhases = (
				27A95ACC1B8AE96400CC6557 /* Sources */,
				27A95ACD1B8AE96400CC6557 /* Frameworks */,
				27A95ACE1B8AE96400CC6557 /* Resources */,
			);
			buildRules = (
			);
			dependencies = (
				27A95AD21B8AE96400CC6557 /* PBXTargetDependency */,
			);
			name = ReferrallTests;
			productName = ReferrallTests;
			productReference = 27A95AD01B8AE96400CC6557 /* ReferrallTests.xctest */;
			productType = "com.apple.product-type.bundle.unit-test";
		};
/* End PBXNativeTarget section */

/* Begin PBXProject section */
		27A95AAF1B8AE96300CC6557 /* Project object */ = {
			isa = PBXProject;
			attributes = {
				LastUpgradeCheck = 0640;
				ORGANIZATIONNAME = "Cabarary, Inc.";
				TargetAttributes = {
					27A95AB61B8AE96300CC6557 = {
						CreatedOnToolsVersion = 6.4;
					};
					27A95ACF1B8AE96400CC6557 = {
						CreatedOnToolsVersion = 6.4;
						TestTargetID = 27A95AB61B8AE96300CC6557;
					};
				};
			};
			buildConfigurationList = 27A95AB21B8AE96300CC6557 /* Build configuration list for PBXProject "Referrall" */;
			compatibilityVersion = "Xcode 3.2";
			developmentRegion = English;
			hasScannedForEncodings = 0;
			knownRegions = (
				en,
				Base,
			);
			mainGroup = 27A95AAE1B8AE96300CC6557;
			productRefGroup = 27A95AB81B8AE96300CC6557 /* Products */;
			projectDirPath = "";
			projectRoot = "";
			targets = (
				27A95AB61B8AE96300CC6557 /* Referrall */,
				27A95ACF1B8AE96400CC6557 /* ReferrallTests */,
			);
		};
/* End PBXProject section */

/* Begin PBXResourcesBuildPhase section */
		27A95AB51B8AE96300CC6557 /* Resources */ = {
			isa = PBXResourcesBuildPhase;
			buildActionMask = 2147483647;
			files = (
				27A95AC61B8AE96400CC6557 /* Main.storyboard in Resources */,
				27A95ACB1B8AE96400CC6557 /* LaunchScreen.xib in Resources */,
				27A95AC81B8AE96400CC6557 /* Images.xcassets in Resources */,
			);
			runOnlyForDeploymentPostprocessing = 0;
		};
		27A95ACE1B8AE96400CC6557 /* Resources */ = {
			isa = PBXResourcesBuildPhase;
			buildActionMask = 2147483647;
			files = (
			);
			runOnlyForDeploymentPostprocessing = 0;
		};
/* End PBXResourcesBuildPhase section */

/* Begin PBXSourcesBuildPhase section */
		27A95AB31B8AE96300CC6557 /* Sources */ = {
			isa = PBXSourcesBuildPhase;
			buildActionMask = 2147483647;
			files = (
				27A95AC31B8AE96300CC6557 /* ViewController.m in Sources */,
				27A95AC01B8AE96300CC6557 /* AppDelegate.m in Sources */,
				27A95ABD1B8AE96300CC6557 /* main.m in Sources */,
			);
			runOnlyForDeploymentPostprocessing = 0;
		};
		27A95ACC1B8AE96400CC6557 /* Sources */ = {
			isa = PBXSourcesBuildPhase;
			buildActionMask = 2147483647;
			files = (
				27A95AD71B8AE96400CC6557 /* ReferrallTests.m in Sources */,
			);
			runOnlyForDeploymentPostprocessing = 0;
		};
/* End PBXSourcesBuildPhase section */

/* Begin PBXTargetDependency section */
		27A95AD21B8AE96400CC6557 /* PBXTargetDependency */ = {
			isa = PBXTargetDependency;
			target = 27A95AB61B8AE96300CC6557 /* Referrall */;
			targetProxy = 27A95AD11B8AE96400CC6557 /* PBXContainerItemProxy */;
		};
/* End PBXTargetDependency section */

/* Begin PBXVariantGroup section */
		27A95AC41B8AE96400CC6557 /* Main.storyboard */ = {
			isa = PBXVariantGroup;
			children = (
				27A95AC51B8AE96400CC6557 /* Base */,
			);
			name = Main.storyboard;
			sourceTree = "<group>";
		};
		27A95AC91B8AE96400CC6557 /* LaunchScreen.xib */ = {
			isa = PBXVariantGroup;
			children = (
				27A95ACA1B8AE96400CC6557 /* Base */,
			);
			name = LaunchScreen.xib;
			sourceTree = "<group>";
		};
/* End PBXVariantGroup section */

/* Begin XCBuildConfiguration section */
		27A95AD81B8AE96400CC6557 /* Debug */ = {
			isa = XCBuildConfiguration;
			buildSettings = {
				ALWAYS_SEARCH_USER_PATHS = NO;
				CLANG_CXX_LANGUAGE_STANDARD = "gnu++0x";
				CLANG_CXX_LIBRARY = "libc++";
				CLANG_ENABLE_MODULES = YES;
				CLANG_ENABLE_OBJC_ARC = YES;
				CLANG_WARN_BOOL_CONVERSION = YES;
				CLANG_WARN_CONSTANT_CONVERSION = YES;
				CLANG_WARN_DIRECT_OBJC_ISA_USAGE = YES_ERROR;
				CLANG_WARN_EMPTY_BODY = YES;
				CLANG_WARN_ENUM_CONVERSION = YES;
				CLANG_WARN_INT_CONVERSION = YES;
				CLANG_WARN_OBJC_ROOT_CLASS = YES_ERROR;
				CLANG_WARN_UNREACHABLE_CODE = YES;
				CLANG_WARN__DUPLICATE_METHOD_MATCH = YES;
				"CODE_SIGN_IDENTITY[sdk=iphoneos*]" = "iPhone Developer";
				COPY_PHASE_STRIP = NO;
				DEBUG_INFORMATION_FORMAT = "dwarf-with-dsym";
				ENABLE_STRICT_OBJC_MSGSEND = YES;
				GCC_C_LANGUAGE_STANDARD = gnu99;
				GCC_DYNAMIC_NO_PIC = NO;
				GCC_NO_COMMON_BLOCKS = YES;
				GCC_OPTIMIZATION_LEVEL = 0;
				GCC_PREPROCESSOR_DEFINITIONS = (
					"DEBUG=1",
					"$(inherited)",
				);
				GCC_SYMBOLS_PRIVATE_EXTERN = NO;
				GCC_WARN_64_TO_32_BIT_CONVERSION = YES;
				GCC_WARN_ABOUT_RETURN_TYPE = YES_ERROR;
				GCC_WARN_UNDECLARED_SELECTOR = YES;
				GCC_WARN_UNINITIALIZED_AUTOS = YES_AGGRESSIVE;
				GCC_WARN_UNUSED_FUNCTION = YES;
				GCC_WARN_UNUSED_VARIABLE = YES;
				IPHONEOS_DEPLOYMENT_TARGET = 8.4;
				MTL_ENABLE_DEBUG_INFO = YES;
				ONLY_ACTIVE_ARCH = YES;
				SDKROOT = iphoneos;
			};
			name = Debug;
		};
		27A95AD91B8AE96400CC6557 /* Release */ = {
			isa = XCBuildConfiguration;
			buildSettings = {
				ALWAYS_SEARCH_USER_PATHS = NO;
				CLANG_CXX_LANGUAGE_STANDARD = "gnu++0x";
				CLANG_CXX_LIBRARY = "libc++";
				CLANG_ENABLE_MODULES = YES;
				CLANG_ENABLE_OBJC_ARC = YES;
				CLANG_WARN_BOOL_CONVERSION = YES;
				CLANG_WARN_CONSTANT_CONVERSION = YES;
				CLANG_WARN_DIRECT_OBJC_ISA_USAGE = YES_ERROR;
				CLANG_WARN_EMPTY_BODY = YES;
				CLANG_WARN_ENUM_CONVERSION = YES;
				CLANG_WARN_INT_CONVERSION = YES;
				CLANG_WARN_OBJC_ROOT_CLASS = YES_ERROR;
				CLANG_WARN_UNREACHABLE_CODE = YES;
				CLANG_WARN__DUPLICATE_METHOD_MATCH = YES;
				"CODE_SIGN_IDENTITY[sdk=iphoneos*]" = "iPhone Developer";
				COPY_PHASE_STRIP = NO;
				DEBUG_INFORMATION_FORMAT = "dwarf-with-dsym";
				ENABLE_NS_ASSERTIONS = NO;
				ENABLE_STRICT_OBJC_MSGSEND = YES;
				GCC_C_LANGUAGE_STANDARD = gnu99;
				GCC_NO_COMMON_BLOCKS = YES;
				GCC_WARN_64_TO_32_BIT_CONVERSION = YES;
				GCC_WARN_ABOUT_RETURN_TYPE = YES_ERROR;
				GCC_WARN_UNDECLARED_SELECTOR = YES;
				GCC_WARN_UNINITIALIZED_AUTOS = YES_AGGRESSIVE;
				GCC_WARN_UNUSED_FUNCTION = YES;
				GCC_WARN_UNUSED_VARIABLE = YES;
				IPHONEOS_DEPLOYMENT_TARGET = 8.4;
				MTL_ENABLE_DEBUG_INFO = NO;
				SDKROOT = iphoneos;
				VALIDATE_PRODUCT = YES;
			};
			name = Release;
		};
		27A95ADB1B8AE96400CC6557 /* Debug */ = {
			isa = XCBuildConfiguration;
			buildSettings = {
				ASSETCATALOG_COMPILER_APPICON_NAME = AppIcon;
				INFOPLIST_FILE = Referrall/Info.plist;
				LD_RUNPATH_SEARCH_PATHS = "$(inherited) @executable_path/Frameworks";
				PRODUCT_NAME = "$(TARGET_NAME)";
			};
			name = Debug;
		};
		27A95ADC1B8AE96400CC6557 /* Release */ = {
			isa = XCBuildConfiguration;
			buildSettings = {
				ASSETCATALOG_COMPILER_APPICON_NAME = AppIcon;
				INFOPLIST_FILE = Referrall/Info.plist;
				LD_RUNPATH_SEARCH_PATHS = "$(inherited) @executable_path/Frameworks";
				PRODUCT_NAME = "$(TARGET_NAME)";
			};
			name = Release;
		};
		27A95ADE1B8AE96400CC6557 /* Debug */ = {
			isa = XCBuildConfiguration;
			buildSettings = {
				BUNDLE_LOADER = "$(TEST_HOST)";
				FRAMEWORK_SEARCH_PATHS = (
					"$(SDKROOT)/Developer/Library/Frameworks",
					"$(inherited)",
				);
				GCC_PREPROCESSOR_DEFINITIONS = (
					"DEBUG=1",
					"$(inherited)",
				);
				INFOPLIST_FILE = ReferrallTests/Info.plist;
				LD_RUNPATH_SEARCH_PATHS = "$(inherited) @executable_path/Frameworks @loader_path/Frameworks";
				PRODUCT_NAME = "$(TARGET_NAME)";
				TEST_HOST = "$(BUILT_PRODUCTS_DIR)/Referrall.app/Referrall";
			};
			name = Debug;
		};
		27A95ADF1B8AE96400CC6557 /* Release */ = {
			isa = XCBuildConfiguration;
			buildSettings = {
				BUNDLE_LOADER = "$(TEST_HOST)";
				FRAMEWORK_SEARCH_PATHS = (
					"$(SDKROOT)/Developer/Library/Frameworks",
					"$(inherited)",
				);
				INFOPLIST_FILE = ReferrallTests/Info.plist;
				LD_RUNPATH_SEARCH_PATHS = "$(inherited) @executable_path/Frameworks @loader_path/Frameworks";
				PRODUCT_NAME = "$(TARGET_NAME)";
				TEST_HOST = "$(BUILT_PRODUCTS_DIR)/Referrall.app/Referrall";
			};
			name = Release;
		};
/* End XCBuildConfiguration section */

/* Begin XCConfigurationList section */
		27A95AB21B8AE96300CC6557 /* Build configuration list for PBXProject "Referrall" */ = {
			isa = XCConfigurationList;
			buildConfigurations = (
				27A95AD81B8AE96400CC6557 /* Debug */,
				27A95AD91B8AE96400CC6557 /* Release */,
			);
			defaultConfigurationIsVisible = 0;
			defaultConfigurationName = Release;
		};
		27A95ADA1B8AE96400CC6557 /* Build configuration list for PBXNativeTarget "Referrall" */ = {
			isa = XCConfigurationList;
			buildConfigurations = (
				27A95ADB1B8AE96400CC6557 /* Debug */,
				27A95ADC1B8AE96400CC6557 /* Release */,
			);
			defaultConfigurationIsVisible = 0;
		};
		27A95ADD1B8AE96400CC6557 /* Build configuration list for PBXNativeTarget "ReferrallTests" */ = {
			isa = XCConfigurationList;
			buildConfigurations = (
				27A95ADE1B8AE96400CC6557 /* Debug */,
				27A95ADF1B8AE96400CC6557 /* Release */,
			);
			defaultConfigurationIsVisible = 0;
		};
/* End XCConfigurationList section */
	};
	rootObject = 27A95AAF1B8AE96300CC6557 /* Project object */;
}
